
Microsoft Visual Studio Solution File, Format Version 12.00
# Visual Studio Version 16
VisualStudioVersion = 16.0.30711.63
MinimumVisualStudioVersion = 10.0.40219.1
Project("{FAE04EC0-301F-11D3-BF4B-00C04F79EFBC}") = "cover-letter", "cover-letter.csproj", "{AB79F473-436F-4DC0-834E-7BF5CCC1B197}"
EndProject
Global
	GlobalSection(SolutionConfigurationPlatforms) = preSolution
		Debug|Any CPU = Debug|Any CPU
		Release|Any CPU = Release|Any CPU
	EndGlobalSection
	GlobalSection(ProjectConfigurationPlatforms) = postSolution
		{AB79F473-436F-4DC0-834E-7BF5CCC1B197}.Debug|Any CPU.ActiveCfg = Debug|Any CPU
		{AB79F473-436F-4DC0-834E-7BF5CCC1B197}.Debug|Any CPU.Build.0 = Debug|Any CPU
		{AB79F473-436F-4DC0-834E-7BF5CCC1B197}.Release|Any CPU.ActiveCfg = Release|Any CPU
		{AB79F473-436F-4DC0-834E-7BF5CCC1B197}.Release|Any CPU.Build.0 = Release|Any CPU
	EndGlobalSection
	GlobalSection(SolutionProperties) = preSolution
		HideSolutionNode = FALSE
	EndGlobalSection
	GlobalSection(ExtensibilityGlobals) = postSolution
		SolutionGuid = {1E9D28D1-FF3F-4F24-805F-F47799C1C2DF}
	EndGlobalSection
EndGlobal
